
Microsoft Visual Studio Solution File, Format Version 12.00
# Visual Studio Version 16
VisualStudioVersion = 16.0.30002.166
MinimumVisualStudioVersion = 10.0.40219.1
Project("{FAE04EC0-301F-11D3-BF4B-00C04F79EFBC}") = "Chess-Project-Console", "Chess-Project-Console\Chess-Project-Console.csproj", "{14FCD453-221E-4B11-8A8E-750ADC763FE1}"
EndProject
Global
	GlobalSection(SolutionConfigurationPlatforms) = preSolution
		Debug|Any CPU = Debug|Any CPU
		Release|Any CPU = Release|Any CPU
	EndGlobalSection
	GlobalSection(ProjectConfigurationPlatforms) = postSolution
		{14FCD453-221E-4B11-8A8E-750ADC763FE1}.Debug|Any CPU.ActiveCfg = Debug|Any CPU
		{14FCD453-221E-4B11-8A8E-750ADC763FE1}.Debug|Any CPU.Build.0 = Debug|Any CPU
		{14FCD453-221E-4B11-8A8E-750ADC763FE1}.Release|Any CPU.ActiveCfg = Release|Any CPU
		{14FCD453-221E-4B11-8A8E-750ADC763FE1}.Release|Any CPU.Build.0 = Release|Any CPU
	EndGlobalSection
	GlobalSection(SolutionProperties) = preSolution
		HideSolutionNode = FALSE
	EndGlobalSection
	GlobalSection(ExtensibilityGlobals) = postSolution
		SolutionGuid = {D30F2290-2465-4315-ABF3-C754B1D2CBA2}
	EndGlobalSection
EndGlobal
